{
  "name": "frontend",
  "lockfileVersion": 3,
  "requires": true,
  "packages": {
    "": {
      "devDependencies": {
        "@types/mockjs": "^1.0.10"
      }
    },
    "node_modules/@types/mockjs": {
      "version": "1.0.10",
      "resolved": "https://registry.npmmirror.com/@types/mockjs/-/mockjs-1.0.10.tgz",
      "integrity": "sha512-SXgrhajHG7boLv6oU93CcmdDm0HYRiceuz6b+7z+/2lCJPTWDv0V5YiwFHT2ejE4bQqgSXQiVPQYPWv7LGsK1g==",
      "dev": true
    }
  }
}
